
Microsoft Visual Studio Solution File, Format Version 12.00
# Visual Studio Version 17
VisualStudioVersion = 17.7.34202.233
MinimumVisualStudioVersion = 10.0.40219.1
Project("{FAE04EC0-301F-11D3-BF4B-00C04F79EFBC}") = "ElectricProdactProject", "ConsoleApp1\ElectricProdactProject.csproj", "{46421BD6-FD97-4812-85E5-E287251631A5}"
EndProject
Global
	GlobalSection(SolutionConfigurationPlatforms) = preSolution
		Debug|Any CPU = Debug|Any CPU
		Release|Any CPU = Release|Any CPU
	EndGlobalSection
	GlobalSection(ProjectConfigurationPlatforms) = postSolution
		{46421BD6-FD97-4812-85E5-E287251631A5}.Debug|Any CPU.ActiveCfg = Debug|Any CPU
		{46421BD6-FD97-4812-85E5-E287251631A5}.Debug|Any CPU.Build.0 = Debug|Any CPU
		{46421BD6-FD97-4812-85E5-E287251631A5}.Release|Any CPU.ActiveCfg = Release|Any CPU
		{46421BD6-FD97-4812-85E5-E287251631A5}.Release|Any CPU.Build.0 = Release|Any CPU
	EndGlobalSection
	GlobalSection(SolutionProperties) = preSolution
		HideSolutionNode = FALSE
	EndGlobalSection
	GlobalSection(ExtensibilityGlobals) = postSolution
		SolutionGuid = {F9849724-1678-41ED-9DC3-43E0646CC73F}
	EndGlobalSection
EndGlobal
